
Microsoft Visual Studio Solution File, Format Version 12.00
# Visual Studio 2013
VisualStudioVersion = 12.0.31101.0
MinimumVisualStudioVersion = 10.0.40219.1
Project("{FAE04EC0-301F-11D3-BF4B-00C04F79EFBC}") = "Xamarin.Animations.iOS", "Xamarin.Animations.iOS\Xamarin.Animations.iOS.csproj", "{6E6EA79F-DF98-4F8E-B56A-40581A877ED9}"
EndProject
Project("{2150E333-8FDC-42A3-9474-1A3956D46DE8}") = "Samples", "Samples", "{43B7D39E-9CD6-4B6B-A3D7-17A27BBEE08B}"
EndProject
Project("{FAE04EC0-301F-11D3-BF4B-00C04F79EFBC}") = "Xamarin.Animations.iOS.Sample", "Samples\Xamarin.Animations.iOS.Sample\Xamarin.Animations.iOS.Sample.csproj", "{5C203298-574A-4030-ADF2-3205A78C3A2C}"
EndProject
Project("{FAE04EC0-301F-11D3-BF4B-00C04F79EFBC}") = "Xamarin.Animations.Android.Sample", "Samples\Xamarin.Animations.Android.Sample\Xamarin.Animations.Android.Sample.csproj", "{D5E89B5F-E78A-43E1-A7D4-2DEDE3FFB9F9}"
EndProject
Project("{FAE04EC0-301F-11D3-BF4B-00C04F79EFBC}") = "Xamarin.Animations.Android", "Xamarin.Animations.Android\Xamarin.Animations.Android.csproj", "{4C9F52E1-C5FF-4BE0-B7A7-8A3920E7722E}"
EndProject
Project("{D954291E-2A0B-460D-934E-DC6B0785DB48}") = "Xamarin.Animations.Shared", "Xamarin.Animations.Shared\Xamarin.Animations.Shared.shproj", "{D1387D17-A153-4DBE-A74A-2F2FB359D09B}"
EndProject
Project("{FAE04EC0-301F-11D3-BF4B-00C04F79EFBC}") = "Xamarin.Animations.Win.Universal", "Xamarin.Animations.Win.Universal\Xamarin.Animations.Win.Universal.csproj", "{32C9FD9A-72F9-4CCA-8190-8CA001CDFF27}"
EndProject
Project("{FAE04EC0-301F-11D3-BF4B-00C04F79EFBC}") = "Xamarin.Animations.Win.Universal.Sample", "Samples\Xamarin.Animations.Win.Universal.Sample\Xamarin.Animations.Win.Universal.Sample.csproj", "{C512C723-0E23-4D3B-92CF-AB930BB2E10E}"
EndProject
Project("{FAE04EC0-301F-11D3-BF4B-00C04F79EFBC}") = "Xamarin.Animations.Win.Universal.Sample.Phone", "Samples\Xamarin.Animations.Win.Universal.Sample.Phone\Xamarin.Animations.Win.Universal.Sample.Phone.csproj", "{99A1A262-9FDF-43FD-AF22-965FBB54E7E3}"
EndProject
Global
	GlobalSection(SharedMSBuildProjectFiles) = preSolution
		Xamarin.Animations.Shared\Xamarin.Animations.Shared.projitems*{32c9fd9a-72f9-4cca-8190-8ca001cdff27}*SharedItemsImports = 4
		Xamarin.Animations.Shared\Xamarin.Animations.Shared.projitems*{6e6ea79f-df98-4f8e-b56a-40581a877ed9}*SharedItemsImports = 4
		Xamarin.Animations.Shared\Xamarin.Animations.Shared.projitems*{4c9f52e1-c5ff-4be0-b7a7-8a3920e7722e}*SharedItemsImports = 4
		Xamarin.Animations.Shared\Xamarin.Animations.Shared.projitems*{d1387d17-a153-4dbe-a74a-2f2fb359d09b}*SharedItemsImports = 13
	EndGlobalSection
	GlobalSection(SolutionConfigurationPlatforms) = preSolution
		Ad-Hoc|Any CPU = Ad-Hoc|Any CPU
		Ad-Hoc|ARM = Ad-Hoc|ARM
		Ad-Hoc|iPhone = Ad-Hoc|iPhone
		Ad-Hoc|iPhoneSimulator = Ad-Hoc|iPhoneSimulator
		Ad-Hoc|Mixed Platforms = Ad-Hoc|Mixed Platforms
		Ad-Hoc|x64 = Ad-Hoc|x64
		Ad-Hoc|x86 = Ad-Hoc|x86
		AppStore|Any CPU = AppStore|Any CPU
		AppStore|ARM = AppStore|ARM
		AppStore|iPhone = AppStore|iPhone
		AppStore|iPhoneSimulator = AppStore|iPhoneSimulator
		AppStore|Mixed Platforms = AppStore|Mixed Platforms
		AppStore|x64 = AppStore|x64
		AppStore|x86 = AppStore|x86
		Debug|Any CPU = Debug|Any CPU
		Debug|ARM = Debug|ARM
		Debug|iPhone = Debug|iPhone
		Debug|iPhoneSimulator = Debug|iPhoneSimulator
		Debug|Mixed Platforms = Debug|Mixed Platforms
		Debug|x64 = Debug|x64
		Debug|x86 = Debug|x86
		Release|Any CPU = Release|Any CPU
		Release|ARM = Release|ARM
		Release|iPhone = Release|iPhone
		Release|iPhoneSimulator = Release|iPhoneSimulator
		Release|Mixed Platforms = Release|Mixed Platforms
		Release|x64 = Release|x64
		Release|x86 = Release|x86
	EndGlobalSection
	GlobalSection(ProjectConfigurationPlatforms) = postSolution
		{6E6EA79F-DF98-4F8E-B56A-40581A877ED9}.Ad-Hoc|Any CPU.ActiveCfg = Release|Any CPU
		{6E6EA79F-DF98-4F8E-B56A-40581A877ED9}.Ad-Hoc|Any CPU.Build.0 = Release|Any CPU
		{6E6EA79F-DF98-4F8E-B56A-40581A877ED9}.Ad-Hoc|ARM.ActiveCfg = Debug|Any CPU
		{6E6EA79F-DF98-4F8E-B56A-40581A877ED9}.Ad-Hoc|iPhone.ActiveCfg = Debug|Any CPU
		{6E6EA79F-DF98-4F8E-B56A-40581A877ED9}.Ad-Hoc|iPhone.Build.0 = Debug|Any CPU
		{6E6EA79F-DF98-4F8E-B56A-40581A877ED9}.Ad-Hoc|iPhoneSimulator.ActiveCfg = Release|Any CPU
		{6E6EA79F-DF98-4F8E-B56A-40581A877ED9}.Ad-Hoc|Mixed Platforms.ActiveCfg = Release|Any CPU
		{6E6EA79F-DF98-4F8E-B56A-40581A877ED9}.Ad-Hoc|Mixed Platforms.Build.0 = Release|Any CPU
		{6E6EA79F-DF98-4F8E-B56A-40581A877ED9}.Ad-Hoc|x64.ActiveCfg = Debug|Any CPU
		{6E6EA79F-DF98-4F8E-B56A-40581A877ED9}.Ad-Hoc|x86.ActiveCfg = Debug|Any CPU
		{6E6EA79F-DF98-4F8E-B56A-40581A877ED9}.AppStore|Any CPU.ActiveCfg = Release|Any CPU
		{6E6EA79F-DF98-4F8E-B56A-40581A877ED9}.AppStore|Any CPU.Build.0 = Release|Any CPU
		{6E6EA79F-DF98-4F8E-B56A-40581A877ED9}.AppStore|ARM.ActiveCfg = Debug|Any CPU
		{6E6EA79F-DF98-4F8E-B56A-40581A877ED9}.AppStore|iPhone.ActiveCfg = Debug|Any CPU
		{6E6EA79F-DF98-4F8E-B56A-40581A877ED9}.AppStore|iPhone.Build.0 = Debug|Any CPU
		{6E6EA79F-DF98-4F8E-B56A-40581A877ED9}.AppStore|iPhoneSimulator.ActiveCfg = Release|Any CPU
		{6E6EA79F-DF98-4F8E-B56A-40581A877ED9}.AppStore|Mixed Platforms.ActiveCfg = Release|Any CPU
		{6E6EA79F-DF98-4F8E-B56A-40581A877ED9}.AppStore|Mixed Platforms.Build.0 = Release|Any CPU
		{6E6EA79F-DF98-4F8E-B56A-40581A877ED9}.AppStore|x64.ActiveCfg = Debug|Any CPU
		{6E6EA79F-DF98-4F8E-B56A-40581A877ED9}.AppStore|x86.ActiveCfg = Debug|Any CPU
		{6E6EA79F-DF98-4F8E-B56A-40581A877ED9}.Debug|Any CPU.ActiveCfg = Debug|Any CPU
		{6E6EA79F-DF98-4F8E-B56A-40581A877ED9}.Debug|Any CPU.Build.0 = Debug|Any CPU
		{6E6EA79F-DF98-4F8E-B56A-40581A877ED9}.Debug|ARM.ActiveCfg = Debug|Any CPU
		{6E6EA79F-DF98-4F8E-B56A-40581A877ED9}.Debug|iPhone.ActiveCfg = Debug|Any CPU
		{6E6EA79F-DF98-4F8E-B56A-40581A877ED9}.Debug|iPhone.Build.0 = Debug|Any CPU
		{6E6EA79F-DF98-4F8E-B56A-40581A877ED9}.Debug|iPhoneSimulator.ActiveCfg = Debug|Any CPU
		{6E6EA79F-DF98-4F8E-B56A-40581A877ED9}.Debug|iPhoneSimulator.Build.0 = Debug|Any CPU
		{6E6EA79F-DF98-4F8E-B56A-40581A877ED9}.Debug|Mixed Platforms.ActiveCfg = Debug|Any CPU
		{6E6EA79F-DF98-4F8E-B56A-40581A877ED9}.Debug|Mixed Platforms.Build.0 = Debug|Any CPU
		{6E6EA79F-DF98-4F8E-B56A-40581A877ED9}.Debug|x64.ActiveCfg = Debug|Any CPU
		{6E6EA79F-DF98-4F8E-B56A-40581A877ED9}.Debug|x86.ActiveCfg = Debug|Any CPU
		{6E6EA79F-DF98-4F8E-B56A-40581A877ED9}.Release|Any CPU.ActiveCfg = Release|Any CPU
		{6E6EA79F-DF98-4F8E-B56A-40581A877ED9}.Release|Any CPU.Build.0 = Release|Any CPU
		{6E6EA79F-DF98-4F8E-B56A-40581A877ED9}.Release|ARM.ActiveCfg = Release|Any CPU
		{6E6EA79F-DF98-4F8E-B56A-40581A877ED9}.Release|iPhone.ActiveCfg = Release|Any CPU
		{6E6EA79F-DF98-4F8E-B56A-40581A877ED9}.Release|iPhone.Build.0 = Release|Any CPU
		{6E6EA79F-DF98-4F8E-B56A-40581A877ED9}.Release|iPhoneSimulator.ActiveCfg = Release|Any CPU
		{6E6EA79F-DF98-4F8E-B56A-40581A877ED9}.Release|iPhoneSimulator.Build.0 = Release|Any CPU
		{6E6EA79F-DF98-4F8E-B56A-40581A877ED9}.Release|Mixed Platforms.ActiveCfg = Release|Any CPU
		{6E6EA79F-DF98-4F8E-B56A-40581A877ED9}.Release|Mixed Platforms.Build.0 = Release|Any CPU
		{6E6EA79F-DF98-4F8E-B56A-40581A877ED9}.Release|x64.ActiveCfg = Release|Any CPU
		{6E6EA79F-DF98-4F8E-B56A-40581A877ED9}.Release|x86.ActiveCfg = Release|Any CPU
		{5C203298-574A-4030-ADF2-3205A78C3A2C}.Ad-Hoc|Any CPU.ActiveCfg = Ad-Hoc|iPhoneSimulator
		{5C203298-574A-4030-ADF2-3205A78C3A2C}.Ad-Hoc|ARM.ActiveCfg = Ad-Hoc|iPhone
		{5C203298-574A-4030-ADF2-3205A78C3A2C}.Ad-Hoc|iPhone.ActiveCfg = Ad-Hoc|iPhone
		{5C203298-574A-4030-ADF2-3205A78C3A2C}.Ad-Hoc|iPhone.Build.0 = Ad-Hoc|iPhone
		{5C203298-574A-4030-ADF2-3205A78C3A2C}.Ad-Hoc|iPhoneSimulator.ActiveCfg = Ad-Hoc|iPhoneSimulator
		{5C203298-574A-4030-ADF2-3205A78C3A2C}.Ad-Hoc|iPhoneSimulator.Build.0 = Ad-Hoc|iPhoneSimulator
		{5C203298-574A-4030-ADF2-3205A78C3A2C}.Ad-Hoc|Mixed Platforms.ActiveCfg = Ad-Hoc|iPhoneSimulator
		{5C203298-574A-4030-ADF2-3205A78C3A2C}.Ad-Hoc|Mixed Platforms.Build.0 = Ad-Hoc|iPhoneSimulator
		{5C203298-574A-4030-ADF2-3205A78C3A2C}.Ad-Hoc|x64.ActiveCfg = Ad-Hoc|iPhone
		{5C203298-574A-4030-ADF2-3205A78C3A2C}.Ad-Hoc|x86.ActiveCfg = Ad-Hoc|iPhone
		{5C203298-574A-4030-ADF2-3205A78C3A2C}.AppStore|Any CPU.ActiveCfg = AppStore|iPhoneSimulator
		{5C203298-574A-4030-ADF2-3205A78C3A2C}.AppStore|ARM.ActiveCfg = AppStore|iPhone
		{5C203298-574A-4030-ADF2-3205A78C3A2C}.AppStore|iPhone.ActiveCfg = AppStore|iPhone
		{5C203298-574A-4030-ADF2-3205A78C3A2C}.AppStore|iPhone.Build.0 = AppStore|iPhone
		{5C203298-574A-4030-ADF2-3205A78C3A2C}.AppStore|iPhoneSimulator.ActiveCfg = AppStore|iPhoneSimulator
		{5C203298-574A-4030-ADF2-3205A78C3A2C}.AppStore|iPhoneSimulator.Build.0 = AppStore|iPhoneSimulator
		{5C203298-574A-4030-ADF2-3205A78C3A2C}.AppStore|Mixed Platforms.ActiveCfg = AppStore|iPhoneSimulator
		{5C203298-574A-4030-ADF2-3205A78C3A2C}.AppStore|Mixed Platforms.Build.0 = AppStore|iPhoneSimulator
		{5C203298-574A-4030-ADF2-3205A78C3A2C}.AppStore|x64.ActiveCfg = AppStore|iPhone
		{5C203298-574A-4030-ADF2-3205A78C3A2C}.AppStore|x86.ActiveCfg = AppStore|iPhone
		{5C203298-574A-4030-ADF2-3205A78C3A2C}.Debug|Any CPU.ActiveCfg = Debug|iPhoneSimulator
		{5C203298-574A-4030-ADF2-3205A78C3A2C}.Debug|Any CPU.Build.0 = Debug|iPhoneSimulator
		{5C203298-574A-4030-ADF2-3205A78C3A2C}.Debug|ARM.ActiveCfg = Debug|iPhone
		{5C203298-574A-4030-ADF2-3205A78C3A2C}.Debug|iPhone.ActiveCfg = Debug|iPhone
		{5C203298-574A-4030-ADF2-3205A78C3A2C}.Debug|iPhone.Build.0 = Debug|iPhone
		{5C203298-574A-4030-ADF2-3205A78C3A2C}.Debug|iPhoneSimulator.ActiveCfg = Debug|iPhoneSimulator
		{5C203298-574A-4030-ADF2-3205A78C3A2C}.Debug|iPhoneSimulator.Build.0 = Debug|iPhoneSimulator
		{5C203298-574A-4030-ADF2-3205A78C3A2C}.Debug|Mixed Platforms.ActiveCfg = Debug|iPhone
		{5C203298-574A-4030-ADF2-3205A78C3A2C}.Debug|Mixed Platforms.Build.0 = Debug|iPhone
		{5C203298-574A-4030-ADF2-3205A78C3A2C}.Debug|x64.ActiveCfg = Debug|iPhone
		{5C203298-574A-4030-ADF2-3205A78C3A2C}.Debug|x86.ActiveCfg = Debug|iPhone
		{5C203298-574A-4030-ADF2-3205A78C3A2C}.Release|Any CPU.ActiveCfg = Release|iPhoneSimulator
		{5C203298-574A-4030-ADF2-3205A78C3A2C}.Release|Any CPU.Build.0 = Release|iPhoneSimulator
		{5C203298-574A-4030-ADF2-3205A78C3A2C}.Release|ARM.ActiveCfg = Release|iPhone
		{5C203298-574A-4030-ADF2-3205A78C3A2C}.Release|iPhone.ActiveCfg = Release|iPhone
		{5C203298-574A-4030-ADF2-3205A78C3A2C}.Release|iPhone.Build.0 = Release|iPhone
		{5C203298-574A-4030-ADF2-3205A78C3A2C}.Release|iPhoneSimulator.ActiveCfg = Release|iPhoneSimulator
		{5C203298-574A-4030-ADF2-3205A78C3A2C}.Release|iPhoneSimulator.Build.0 = Release|iPhoneSimulator
		{5C203298-574A-4030-ADF2-3205A78C3A2C}.Release|Mixed Platforms.ActiveCfg = Release|iPhone
		{5C203298-574A-4030-ADF2-3205A78C3A2C}.Release|Mixed Platforms.Build.0 = Release|iPhone
		{5C203298-574A-4030-ADF2-3205A78C3A2C}.Release|x64.ActiveCfg = Release|iPhone
		{5C203298-574A-4030-ADF2-3205A78C3A2C}.Release|x86.ActiveCfg = Release|iPhone
		{D5E89B5F-E78A-43E1-A7D4-2DEDE3FFB9F9}.Ad-Hoc|Any CPU.ActiveCfg = Release|Any CPU
		{D5E89B5F-E78A-43E1-A7D4-2DEDE3FFB9F9}.Ad-Hoc|Any CPU.Build.0 = Release|Any CPU
		{D5E89B5F-E78A-43E1-A7D4-2DEDE3FFB9F9}.Ad-Hoc|Any CPU.Deploy.0 = Release|Any CPU
		{D5E89B5F-E78A-43E1-A7D4-2DEDE3FFB9F9}.Ad-Hoc|ARM.ActiveCfg = Debug|Any CPU
		{D5E89B5F-E78A-43E1-A7D4-2DEDE3FFB9F9}.Ad-Hoc|iPhone.ActiveCfg = Release|Any CPU
		{D5E89B5F-E78A-43E1-A7D4-2DEDE3FFB9F9}.Ad-Hoc|iPhoneSimulator.ActiveCfg = Release|Any CPU
		{D5E89B5F-E78A-43E1-A7D4-2DEDE3FFB9F9}.Ad-Hoc|Mixed Platforms.ActiveCfg = Release|Any CPU
		{D5E89B5F-E78A-43E1-A7D4-2DEDE3FFB9F9}.Ad-Hoc|Mixed Platforms.Build.0 = Release|Any CPU
		{D5E89B5F-E78A-43E1-A7D4-2DEDE3FFB9F9}.Ad-Hoc|Mixed Platforms.Deploy.0 = Release|Any CPU
		{D5E89B5F-E78A-43E1-A7D4-2DEDE3FFB9F9}.Ad-Hoc|x64.ActiveCfg = Debug|Any CPU
		{D5E89B5F-E78A-43E1-A7D4-2DEDE3FFB9F9}.Ad-Hoc|x86.ActiveCfg = Debug|Any CPU
		{D5E89B5F-E78A-43E1-A7D4-2DEDE3FFB9F9}.AppStore|Any CPU.ActiveCfg = Release|Any CPU
		{D5E89B5F-E78A-43E1-A7D4-2DEDE3FFB9F9}.AppStore|Any CPU.Build.0 = Release|Any CPU
		{D5E89B5F-E78A-43E1-A7D4-2DEDE3FFB9F9}.AppStore|Any CPU.Deploy.0 = Release|Any CPU
		{D5E89B5F-E78A-43E1-A7D4-2DEDE3FFB9F9}.AppStore|ARM.ActiveCfg = Debug|Any CPU
		{D5E89B5F-E78A-43E1-A7D4-2DEDE3FFB9F9}.AppStore|iPhone.ActiveCfg = Release|Any CPU
		{D5E89B5F-E78A-43E1-A7D4-2DEDE3FFB9F9}.AppStore|iPhoneSimulator.ActiveCfg = Release|Any CPU
		{D5E89B5F-E78A-43E1-A7D4-2DEDE3FFB9F9}.AppStore|Mixed Platforms.ActiveCfg = Release|Any CPU
		{D5E89B5F-E78A-43E1-A7D4-2DEDE3FFB9F9}.AppStore|Mixed Platforms.Build.0 = Release|Any CPU
		{D5E89B5F-E78A-43E1-A7D4-2DEDE3FFB9F9}.AppStore|Mixed Platforms.Deploy.0 = Release|Any CPU
		{D5E89B5F-E78A-43E1-A7D4-2DEDE3FFB9F9}.AppStore|x64.ActiveCfg = Debug|Any CPU
		{D5E89B5F-E78A-43E1-A7D4-2DEDE3FFB9F9}.AppStore|x86.ActiveCfg = Debug|Any CPU
		{D5E89B5F-E78A-43E1-A7D4-2DEDE3FFB9F9}.Debug|Any CPU.ActiveCfg = Debug|Any CPU
		{D5E89B5F-E78A-43E1-A7D4-2DEDE3FFB9F9}.Debug|Any CPU.Build.0 = Debug|Any CPU
		{D5E89B5F-E78A-43E1-A7D4-2DEDE3FFB9F9}.Debug|Any CPU.Deploy.0 = Debug|Any CPU
		{D5E89B5F-E78A-43E1-A7D4-2DEDE3FFB9F9}.Debug|ARM.ActiveCfg = Debug|Any CPU
		{D5E89B5F-E78A-43E1-A7D4-2DEDE3FFB9F9}.Debug|iPhone.ActiveCfg = Debug|Any CPU
		{D5E89B5F-E78A-43E1-A7D4-2DEDE3FFB9F9}.Debug|iPhoneSimulator.ActiveCfg = Debug|Any CPU
		{D5E89B5F-E78A-43E1-A7D4-2DEDE3FFB9F9}.Debug|Mixed Platforms.ActiveCfg = Debug|Any CPU
		{D5E89B5F-E78A-43E1-A7D4-2DEDE3FFB9F9}.Debug|Mixed Platforms.Build.0 = Debug|Any CPU
		{D5E89B5F-E78A-43E1-A7D4-2DEDE3FFB9F9}.Debug|Mixed Platforms.Deploy.0 = Debug|Any CPU
		{D5E89B5F-E78A-43E1-A7D4-2DEDE3FFB9F9}.Debug|x64.ActiveCfg = Debug|Any CPU
		{D5E89B5F-E78A-43E1-A7D4-2DEDE3FFB9F9}.Debug|x86.ActiveCfg = Debug|Any CPU
		{D5E89B5F-E78A-43E1-A7D4-2DEDE3FFB9F9}.Release|Any CPU.ActiveCfg = Release|Any CPU
		{D5E89B5F-E78A-43E1-A7D4-2DEDE3FFB9F9}.Release|Any CPU.Build.0 = Release|Any CPU
		{D5E89B5F-E78A-43E1-A7D4-2DEDE3FFB9F9}.Release|Any CPU.Deploy.0 = Release|Any CPU
		{D5E89B5F-E78A-43E1-A7D4-2DEDE3FFB9F9}.Release|ARM.ActiveCfg = Release|Any CPU
		{D5E89B5F-E78A-43E1-A7D4-2DEDE3FFB9F9}.Release|iPhone.ActiveCfg = Release|Any CPU
		{D5E89B5F-E78A-43E1-A7D4-2DEDE3FFB9F9}.Release|iPhoneSimulator.ActiveCfg = Release|Any CPU
		{D5E89B5F-E78A-43E1-A7D4-2DEDE3FFB9F9}.Release|Mixed Platforms.ActiveCfg = Release|Any CPU
		{D5E89B5F-E78A-43E1-A7D4-2DEDE3FFB9F9}.Release|Mixed Platforms.Build.0 = Release|Any CPU
		{D5E89B5F-E78A-43E1-A7D4-2DEDE3FFB9F9}.Release|Mixed Platforms.Deploy.0 = Release|Any CPU
		{D5E89B5F-E78A-43E1-A7D4-2DEDE3FFB9F9}.Release|x64.ActiveCfg = Release|Any CPU
		{D5E89B5F-E78A-43E1-A7D4-2DEDE3FFB9F9}.Release|x86.ActiveCfg = Release|Any CPU
		{4C9F52E1-C5FF-4BE0-B7A7-8A3920E7722E}.Ad-Hoc|Any CPU.ActiveCfg = Debug|Any CPU
		{4C9F52E1-C5FF-4BE0-B7A7-8A3920E7722E}.Ad-Hoc|Any CPU.Build.0 = Debug|Any CPU
		{4C9F52E1-C5FF-4BE0-B7A7-8A3920E7722E}.Ad-Hoc|ARM.ActiveCfg = Release|Any CPU
		{4C9F52E1-C5FF-4BE0-B7A7-8A3920E7722E}.Ad-Hoc|iPhone.ActiveCfg = Release|Any CPU
		{4C9F52E1-C5FF-4BE0-B7A7-8A3920E7722E}.Ad-Hoc|iPhone.Build.0 = Release|Any CPU
		{4C9F52E1-C5FF-4BE0-B7A7-8A3920E7722E}.Ad-Hoc|iPhoneSimulator.ActiveCfg = Debug|Any CPU
		{4C9F52E1-C5FF-4BE0-B7A7-8A3920E7722E}.Ad-Hoc|Mixed Platforms.ActiveCfg = Debug|Any CPU
		{4C9F52E1-C5FF-4BE0-B7A7-8A3920E7722E}.Ad-Hoc|Mixed Platforms.Build.0 = Debug|Any CPU
		{4C9F52E1-C5FF-4BE0-B7A7-8A3920E7722E}.Ad-Hoc|x64.ActiveCfg = Release|Any CPU
		{4C9F52E1-C5FF-4BE0-B7A7-8A3920E7722E}.Ad-Hoc|x86.ActiveCfg = Release|Any CPU
		{4C9F52E1-C5FF-4BE0-B7A7-8A3920E7722E}.AppStore|Any CPU.ActiveCfg = Debug|Any CPU
		{4C9F52E1-C5FF-4BE0-B7A7-8A3920E7722E}.AppStore|Any CPU.Build.0 = Debug|Any CPU
		{4C9F52E1-C5FF-4BE0-B7A7-8A3920E7722E}.AppStore|ARM.ActiveCfg = Release|Any CPU
		{4C9F52E1-C5FF-4BE0-B7A7-8A3920E7722E}.AppStore|iPhone.ActiveCfg = Release|Any CPU
		{4C9F52E1-C5FF-4BE0-B7A7-8A3920E7722E}.AppStore|iPhone.Build.0 = Release|Any CPU
		{4C9F52E1-C5FF-4BE0-B7A7-8A3920E7722E}.AppStore|iPhoneSimulator.ActiveCfg = Debug|Any CPU
		{4C9F52E1-C5FF-4BE0-B7A7-8A3920E7722E}.AppStore|Mixed Platforms.ActiveCfg = Debug|Any CPU
		{4C9F52E1-C5FF-4BE0-B7A7-8A3920E7722E}.AppStore|Mixed Platforms.Build.0 = Debug|Any CPU
		{4C9F52E1-C5FF-4BE0-B7A7-8A3920E7722E}.AppStore|x64.ActiveCfg = Release|Any CPU
		{4C9F52E1-C5FF-4BE0-B7A7-8A3920E7722E}.AppStore|x86.ActiveCfg = Release|Any CPU
		{4C9F52E1-C5FF-4BE0-B7A7-8A3920E7722E}.Debug|Any CPU.ActiveCfg = Debug|Any CPU
		{4C9F52E1-C5FF-4BE0-B7A7-8A3920E7722E}.Debug|Any CPU.Build.0 = Debug|Any CPU
		{4C9F52E1-C5FF-4BE0-B7A7-8A3920E7722E}.Debug|ARM.ActiveCfg = Debug|Any CPU
		{4C9F52E1-C5FF-4BE0-B7A7-8A3920E7722E}.Debug|iPhone.ActiveCfg = Debug|Any CPU
		{4C9F52E1-C5FF-4BE0-B7A7-8A3920E7722E}.Debug|iPhone.Build.0 = Debug|Any CPU
		{4C9F52E1-C5FF-4BE0-B7A7-8A3920E7722E}.Debug|iPhoneSimulator.ActiveCfg = Debug|Any CPU
		{4C9F52E1-C5FF-4BE0-B7A7-8A3920E7722E}.Debug|iPhoneSimulator.Build.0 = Debug|Any CPU
		{4C9F52E1-C5FF-4BE0-B7A7-8A3920E7722E}.Debug|Mixed Platforms.ActiveCfg = Debug|Any CPU
		{4C9F52E1-C5FF-4BE0-B7A7-8A3920E7722E}.Debug|Mixed Platforms.Build.0 = Debug|Any CPU
		{4C9F52E1-C5FF-4BE0-B7A7-8A3920E7722E}.Debug|x64.ActiveCfg = Debug|Any CPU
		{4C9F52E1-C5FF-4BE0-B7A7-8A3920E7722E}.Debug|x86.ActiveCfg = Debug|Any CPU
		{4C9F52E1-C5FF-4BE0-B7A7-8A3920E7722E}.Release|Any CPU.ActiveCfg = Release|Any CPU
		{4C9F52E1-C5FF-4BE0-B7A7-8A3920E7722E}.Release|Any CPU.Build.0 = Release|Any CPU
		{4C9F52E1-C5FF-4BE0-B7A7-8A3920E7722E}.Release|ARM.ActiveCfg = Release|Any CPU
		{4C9F52E1-C5FF-4BE0-B7A7-8A3920E7722E}.Release|iPhone.ActiveCfg = Release|Any CPU
		{4C9F52E1-C5FF-4BE0-B7A7-8A3920E7722E}.Release|iPhone.Build.0 = Release|Any CPU
		{4C9F52E1-C5FF-4BE0-B7A7-8A3920E7722E}.Release|iPhoneSimulator.ActiveCfg = Release|Any CPU
		{4C9F52E1-C5FF-4BE0-B7A7-8A3920E7722E}.Release|iPhoneSimulator.Build.0 = Release|Any CPU
		{4C9F52E1-C5FF-4BE0-B7A7-8A3920E7722E}.Release|Mixed Platforms.ActiveCfg = Release|Any CPU
		{4C9F52E1-C5FF-4BE0-B7A7-8A3920E7722E}.Release|Mixed Platforms.Build.0 = Release|Any CPU
		{4C9F52E1-C5FF-4BE0-B7A7-8A3920E7722E}.Release|x64.ActiveCfg = Release|Any CPU
		{4C9F52E1-C5FF-4BE0-B7A7-8A3920E7722E}.Release|x86.ActiveCfg = Release|Any CPU
		{32C9FD9A-72F9-4CCA-8190-8CA001CDFF27}.Ad-Hoc|Any CPU.ActiveCfg = Release|Any CPU
		{32C9FD9A-72F9-4CCA-8190-8CA001CDFF27}.Ad-Hoc|Any CPU.Build.0 = Release|Any CPU
		{32C9FD9A-72F9-4CCA-8190-8CA001CDFF27}.Ad-Hoc|ARM.ActiveCfg = Release|Any CPU
		{32C9FD9A-72F9-4CCA-8190-8CA001CDFF27}.Ad-Hoc|iPhone.ActiveCfg = Release|Any CPU
		{32C9FD9A-72F9-4CCA-8190-8CA001CDFF27}.Ad-Hoc|iPhoneSimulator.ActiveCfg = Release|Any CPU
		{32C9FD9A-72F9-4CCA-8190-8CA001CDFF27}.Ad-Hoc|Mixed Platforms.ActiveCfg = Release|Any CPU
		{32C9FD9A-72F9-4CCA-8190-8CA001CDFF27}.Ad-Hoc|Mixed Platforms.Build.0 = Release|Any CPU
		{32C9FD9A-72F9-4CCA-8190-8CA001CDFF27}.Ad-Hoc|x64.ActiveCfg = Release|Any CPU
		{32C9FD9A-72F9-4CCA-8190-8CA001CDFF27}.Ad-Hoc|x86.ActiveCfg = Release|Any CPU
		{32C9FD9A-72F9-4CCA-8190-8CA001CDFF27}.AppStore|Any CPU.ActiveCfg = Release|Any CPU
		{32C9FD9A-72F9-4CCA-8190-8CA001CDFF27}.AppStore|Any CPU.Build.0 = Release|Any CPU
		{32C9FD9A-72F9-4CCA-8190-8CA001CDFF27}.AppStore|ARM.ActiveCfg = Release|Any CPU
		{32C9FD9A-72F9-4CCA-8190-8CA001CDFF27}.AppStore|iPhone.ActiveCfg = Release|Any CPU
		{32C9FD9A-72F9-4CCA-8190-8CA001CDFF27}.AppStore|iPhoneSimulator.ActiveCfg = Release|Any CPU
		{32C9FD9A-72F9-4CCA-8190-8CA001CDFF27}.AppStore|Mixed Platforms.ActiveCfg = Release|Any CPU
		{32C9FD9A-72F9-4CCA-8190-8CA001CDFF27}.AppStore|Mixed Platforms.Build.0 = Release|Any CPU
		{32C9FD9A-72F9-4CCA-8190-8CA001CDFF27}.AppStore|x64.ActiveCfg = Release|Any CPU
		{32C9FD9A-72F9-4CCA-8190-8CA001CDFF27}.AppStore|x86.ActiveCfg = Release|Any CPU
		{32C9FD9A-72F9-4CCA-8190-8CA001CDFF27}.Debug|Any CPU.ActiveCfg = Debug|Any CPU
		{32C9FD9A-72F9-4CCA-8190-8CA001CDFF27}.Debug|Any CPU.Build.0 = Debug|Any CPU
		{32C9FD9A-72F9-4CCA-8190-8CA001CDFF27}.Debug|ARM.ActiveCfg = Debug|Any CPU
		{32C9FD9A-72F9-4CCA-8190-8CA001CDFF27}.Debug|iPhone.ActiveCfg = Debug|Any CPU
		{32C9FD9A-72F9-4CCA-8190-8CA001CDFF27}.Debug|iPhoneSimulator.ActiveCfg = Debug|Any CPU
		{32C9FD9A-72F9-4CCA-8190-8CA001CDFF27}.Debug|Mixed Platforms.ActiveCfg = Debug|Any CPU
		{32C9FD9A-72F9-4CCA-8190-8CA001CDFF27}.Debug|Mixed Platforms.Build.0 = Debug|Any CPU
		{32C9FD9A-72F9-4CCA-8190-8CA001CDFF27}.Debug|x64.ActiveCfg = Debug|Any CPU
		{32C9FD9A-72F9-4CCA-8190-8CA001CDFF27}.Debug|x86.ActiveCfg = Debug|Any CPU
		{32C9FD9A-72F9-4CCA-8190-8CA001CDFF27}.Release|Any CPU.ActiveCfg = Release|Any CPU
		{32C9FD9A-72F9-4CCA-8190-8CA001CDFF27}.Release|Any CPU.Build.0 = Release|Any CPU
		{32C9FD9A-72F9-4CCA-8190-8CA001CDFF27}.Release|ARM.ActiveCfg = Release|Any CPU
		{32C9FD9A-72F9-4CCA-8190-8CA001CDFF27}.Release|iPhone.ActiveCfg = Release|Any CPU
		{32C9FD9A-72F9-4CCA-8190-8CA001CDFF27}.Release|iPhoneSimulator.ActiveCfg = Release|Any CPU
		{32C9FD9A-72F9-4CCA-8190-8CA001CDFF27}.Release|Mixed Platforms.ActiveCfg = Release|Any CPU
		{32C9FD9A-72F9-4CCA-8190-8CA001CDFF27}.Release|Mixed Platforms.Build.0 = Release|Any CPU
		{32C9FD9A-72F9-4CCA-8190-8CA001CDFF27}.Release|x64.ActiveCfg = Release|Any CPU
		{32C9FD9A-72F9-4CCA-8190-8CA001CDFF27}.Release|x86.ActiveCfg = Release|Any CPU
		{C512C723-0E23-4D3B-92CF-AB930BB2E10E}.Ad-Hoc|Any CPU.ActiveCfg = Release|Any CPU
		{C512C723-0E23-4D3B-92CF-AB930BB2E10E}.Ad-Hoc|Any CPU.Build.0 = Release|Any CPU
		{C512C723-0E23-4D3B-92CF-AB930BB2E10E}.Ad-Hoc|Any CPU.Deploy.0 = Release|Any CPU
		{C512C723-0E23-4D3B-92CF-AB930BB2E10E}.Ad-Hoc|ARM.ActiveCfg = Release|ARM
		{C512C723-0E23-4D3B-92CF-AB930BB2E10E}.Ad-Hoc|ARM.Build.0 = Release|ARM
		{C512C723-0E23-4D3B-92CF-AB930BB2E10E}.Ad-Hoc|ARM.Deploy.0 = Release|ARM
		{C512C723-0E23-4D3B-92CF-AB930BB2E10E}.Ad-Hoc|iPhone.ActiveCfg = Release|Any CPU
		{C512C723-0E23-4D3B-92CF-AB930BB2E10E}.Ad-Hoc|iPhoneSimulator.ActiveCfg = Release|Any CPU
		{C512C723-0E23-4D3B-92CF-AB930BB2E10E}.Ad-Hoc|Mixed Platforms.ActiveCfg = Release|x86
		{C512C723-0E23-4D3B-92CF-AB930BB2E10E}.Ad-Hoc|Mixed Platforms.Build.0 = Release|x86
		{C512C723-0E23-4D3B-92CF-AB930BB2E10E}.Ad-Hoc|Mixed Platforms.Deploy.0 = Release|x86
		{C512C723-0E23-4D3B-92CF-AB930BB2E10E}.Ad-Hoc|x64.ActiveCfg = Release|x64
		{C512C723-0E23-4D3B-92CF-AB930BB2E10E}.Ad-Hoc|x64.Build.0 = Release|x64
		{C512C723-0E23-4D3B-92CF-AB930BB2E10E}.Ad-Hoc|x64.Deploy.0 = Release|x64
		{C512C723-0E23-4D3B-92CF-AB930BB2E10E}.Ad-Hoc|x86.ActiveCfg = Release|x86
		{C512C723-0E23-4D3B-92CF-AB930BB2E10E}.Ad-Hoc|x86.Build.0 = Release|x86
		{C512C723-0E23-4D3B-92CF-AB930BB2E10E}.Ad-Hoc|x86.Deploy.0 = Release|x86
		{C512C723-0E23-4D3B-92CF-AB930BB2E10E}.AppStore|Any CPU.ActiveCfg = Release|Any CPU
		{C512C723-0E23-4D3B-92CF-AB930BB2E10E}.AppStore|Any CPU.Build.0 = Release|Any CPU
		{C512C723-0E23-4D3B-92CF-AB930BB2E10E}.AppStore|Any CPU.Deploy.0 = Release|Any CPU
		{C512C723-0E23-4D3B-92CF-AB930BB2E10E}.AppStore|ARM.ActiveCfg = Release|ARM
		{C512C723-0E23-4D3B-92CF-AB930BB2E10E}.AppStore|ARM.Build.0 = Release|ARM
		{C512C723-0E23-4D3B-92CF-AB930BB2E10E}.AppStore|ARM.Deploy.0 = Release|ARM
		{C512C723-0E23-4D3B-92CF-AB930BB2E10E}.AppStore|iPhone.ActiveCfg = Release|Any CPU
		{C512C723-0E23-4D3B-92CF-AB930BB2E10E}.AppStore|iPhoneSimulator.ActiveCfg = Release|Any CPU
		{C512C723-0E23-4D3B-92CF-AB930BB2E10E}.AppStore|Mixed Platforms.ActiveCfg = Release|x86
		{C512C723-0E23-4D3B-92CF-AB930BB2E10E}.AppStore|Mixed Platforms.Build.0 = Release|x86
		{C512C723-0E23-4D3B-92CF-AB930BB2E10E}.AppStore|Mixed Platforms.Deploy.0 = Release|x86
		{C512C723-0E23-4D3B-92CF-AB930BB2E10E}.AppStore|x64.ActiveCfg = Release|x64
		{C512C723-0E23-4D3B-92CF-AB930BB2E10E}.AppStore|x64.Build.0 = Release|x64
		{C512C723-0E23-4D3B-92CF-AB930BB2E10E}.AppStore|x64.Deploy.0 = Release|x64
		{C512C723-0E23-4D3B-92CF-AB930BB2E10E}.AppStore|x86.ActiveCfg = Release|x86
		{C512C723-0E23-4D3B-92CF-AB930BB2E10E}.AppStore|x86.Build.0 = Release|x86
		{C512C723-0E23-4D3B-92CF-AB930BB2E10E}.AppStore|x86.Deploy.0 = Release|x86
		{C512C723-0E23-4D3B-92CF-AB930BB2E10E}.Debug|Any CPU.ActiveCfg = Debug|Any CPU
		{C512C723-0E23-4D3B-92CF-AB930BB2E10E}.Debug|Any CPU.Build.0 = Debug|Any CPU
		{C512C723-0E23-4D3B-92CF-AB930BB2E10E}.Debug|Any CPU.Deploy.0 = Debug|Any CPU
		{C512C723-0E23-4D3B-92CF-AB930BB2E10E}.Debug|ARM.ActiveCfg = Debug|ARM
		{C512C723-0E23-4D3B-92CF-AB930BB2E10E}.Debug|ARM.Build.0 = Debug|ARM
		{C512C723-0E23-4D3B-92CF-AB930BB2E10E}.Debug|ARM.Deploy.0 = Debug|ARM
		{C512C723-0E23-4D3B-92CF-AB930BB2E10E}.Debug|iPhone.ActiveCfg = Debug|Any CPU
		{C512C723-0E23-4D3B-92CF-AB930BB2E10E}.Debug|iPhoneSimulator.ActiveCfg = Debug|Any CPU
		{C512C723-0E23-4D3B-92CF-AB930BB2E10E}.Debug|Mixed Platforms.ActiveCfg = Debug|x86
		{C512C723-0E23-4D3B-92CF-AB930BB2E10E}.Debug|Mixed Platforms.Build.0 = Debug|x86
		{C512C723-0E23-4D3B-92CF-AB930BB2E10E}.Debug|Mixed Platforms.Deploy.0 = Debug|x86
		{C512C723-0E23-4D3B-92CF-AB930BB2E10E}.Debug|x64.ActiveCfg = Debug|x64
		{C512C723-0E23-4D3B-92CF-AB930BB2E10E}.Debug|x64.Build.0 = Debug|x64
		{C512C723-0E23-4D3B-92CF-AB930BB2E10E}.Debug|x64.Deploy.0 = Debug|x64
		{C512C723-0E23-4D3B-92CF-AB930BB2E10E}.Debug|x86.ActiveCfg = Debug|x86
		{C512C723-0E23-4D3B-92CF-AB930BB2E10E}.Debug|x86.Build.0 = Debug|x86
		{C512C723-0E23-4D3B-92CF-AB930BB2E10E}.Debug|x86.Deploy.0 = Debug|x86
		{C512C723-0E23-4D3B-92CF-AB930BB2E10E}.Release|Any CPU.ActiveCfg = Release|Any CPU
		{C512C723-0E23-4D3B-92CF-AB930BB2E10E}.Release|Any CPU.Build.0 = Release|Any CPU
		{C512C723-0E23-4D3B-92CF-AB930BB2E10E}.Release|Any CPU.Deploy.0 = Release|Any CPU
		{C512C723-0E23-4D3B-92CF-AB930BB2E10E}.Release|ARM.ActiveCfg = Release|ARM
		{C512C723-0E23-4D3B-92CF-AB930BB2E10E}.Release|ARM.Build.0 = Release|ARM
		{C512C723-0E23-4D3B-92CF-AB930BB2E10E}.Release|ARM.Deploy.0 = Release|ARM
		{C512C723-0E23-4D3B-92CF-AB930BB2E10E}.Release|iPhone.ActiveCfg = Release|Any CPU
		{C512C723-0E23-4D3B-92CF-AB930BB2E10E}.Release|iPhoneSimulator.ActiveCfg = Release|Any CPU
		{C512C723-0E23-4D3B-92CF-AB930BB2E10E}.Release|Mixed Platforms.ActiveCfg = Release|x86
		{C512C723-0E23-4D3B-92CF-AB930BB2E10E}.Release|Mixed Platforms.Build.0 = Release|x86
		{C512C723-0E23-4D3B-92CF-AB930BB2E10E}.Release|Mixed Platforms.Deploy.0 = Release|x86
		{C512C723-0E23-4D3B-92CF-AB930BB2E10E}.Release|x64.ActiveCfg = Release|x64
		{C512C723-0E23-4D3B-92CF-AB930BB2E10E}.Release|x64.Build.0 = Release|x64
		{C512C723-0E23-4D3B-92CF-AB930BB2E10E}.Release|x64.Deploy.0 = Release|x64
		{C512C723-0E23-4D3B-92CF-AB930BB2E10E}.Release|x86.ActiveCfg = Release|x86
		{C512C723-0E23-4D3B-92CF-AB930BB2E10E}.Release|x86.Build.0 = Release|x86
		{C512C723-0E23-4D3B-92CF-AB930BB2E10E}.Release|x86.Deploy.0 = Release|x86
		{99A1A262-9FDF-43FD-AF22-965FBB54E7E3}.Ad-Hoc|Any CPU.ActiveCfg = Release|Any CPU
		{99A1A262-9FDF-43FD-AF22-965FBB54E7E3}.Ad-Hoc|Any CPU.Build.0 = Release|Any CPU
		{99A1A262-9FDF-43FD-AF22-965FBB54E7E3}.Ad-Hoc|Any CPU.Deploy.0 = Release|Any CPU
		{99A1A262-9FDF-43FD-AF22-965FBB54E7E3}.Ad-Hoc|ARM.ActiveCfg = Release|ARM
		{99A1A262-9FDF-43FD-AF22-965FBB54E7E3}.Ad-Hoc|ARM.Build.0 = Release|ARM
		{99A1A262-9FDF-43FD-AF22-965FBB54E7E3}.Ad-Hoc|ARM.Deploy.0 = Release|ARM
		{99A1A262-9FDF-43FD-AF22-965FBB54E7E3}.Ad-Hoc|iPhone.ActiveCfg = Release|Any CPU
		{99A1A262-9FDF-43FD-AF22-965FBB54E7E3}.Ad-Hoc|iPhoneSimulator.ActiveCfg = Release|Any CPU
		{99A1A262-9FDF-43FD-AF22-965FBB54E7E3}.Ad-Hoc|Mixed Platforms.ActiveCfg = Release|x86
		{99A1A262-9FDF-43FD-AF22-965FBB54E7E3}.Ad-Hoc|Mixed Platforms.Build.0 = Release|x86
		{99A1A262-9FDF-43FD-AF22-965FBB54E7E3}.Ad-Hoc|Mixed Platforms.Deploy.0 = Release|x86
		{99A1A262-9FDF-43FD-AF22-965FBB54E7E3}.Ad-Hoc|x64.ActiveCfg = Release|Any CPU
		{99A1A262-9FDF-43FD-AF22-965FBB54E7E3}.Ad-Hoc|x86.ActiveCfg = Release|x86
		{99A1A262-9FDF-43FD-AF22-965FBB54E7E3}.Ad-Hoc|x86.Build.0 = Release|x86
		{99A1A262-9FDF-43FD-AF22-965FBB54E7E3}.Ad-Hoc|x86.Deploy.0 = Release|x86
		{99A1A262-9FDF-43FD-AF22-965FBB54E7E3}.AppStore|Any CPU.ActiveCfg = Release|Any CPU
		{99A1A262-9FDF-43FD-AF22-965FBB54E7E3}.AppStore|Any CPU.Build.0 = Release|Any CPU
		{99A1A262-9FDF-43FD-AF22-965FBB54E7E3}.AppStore|Any CPU.Deploy.0 = Release|Any CPU
		{99A1A262-9FDF-43FD-AF22-965FBB54E7E3}.AppStore|ARM.ActiveCfg = Release|ARM
		{99A1A262-9FDF-43FD-AF22-965FBB54E7E3}.AppStore|ARM.Build.0 = Release|ARM
		{99A1A262-9FDF-43FD-AF22-965FBB54E7E3}.AppStore|ARM.Deploy.0 = Release|ARM
		{99A1A262-9FDF-43FD-AF22-965FBB54E7E3}.AppStore|iPhone.ActiveCfg = Release|Any CPU
		{99A1A262-9FDF-43FD-AF22-965FBB54E7E3}.AppStore|iPhoneSimulator.ActiveCfg = Release|Any CPU
		{99A1A262-9FDF-43FD-AF22-965FBB54E7E3}.AppStore|Mixed Platforms.ActiveCfg = Release|x86
		{99A1A262-9FDF-43FD-AF22-965FBB54E7E3}.AppStore|Mixed Platforms.Build.0 = Release|x86
		{99A1A262-9FDF-43FD-AF22-965FBB54E7E3}.AppStore|Mixed Platforms.Deploy.0 = Release|x86
		{99A1A262-9FDF-43FD-AF22-965FBB54E7E3}.AppStore|x64.ActiveCfg = Release|Any CPU
		{99A1A262-9FDF-43FD-AF22-965FBB54E7E3}.AppStore|x86.ActiveCfg = Release|x86
		{99A1A262-9FDF-43FD-AF22-965FBB54E7E3}.AppStore|x86.Build.0 = Release|x86
		{99A1A262-9FDF-43FD-AF22-965FBB54E7E3}.AppStore|x86.Deploy.0 = Release|x86
		{99A1A262-9FDF-43FD-AF22-965FBB54E7E3}.Debug|Any CPU.ActiveCfg = Debug|Any CPU
		{99A1A262-9FDF-43FD-AF22-965FBB54E7E3}.Debug|Any CPU.Build.0 = Debug|Any CPU
		{99A1A262-9FDF-43FD-AF22-965FBB54E7E3}.Debug|Any CPU.Deploy.0 = Debug|Any CPU
		{99A1A262-9FDF-43FD-AF22-965FBB54E7E3}.Debug|ARM.ActiveCfg = Debug|ARM
		{99A1A262-9FDF-43FD-AF22-965FBB54E7E3}.Debug|ARM.Build.0 = Debug|ARM
		{99A1A262-9FDF-43FD-AF22-965FBB54E7E3}.Debug|ARM.Deploy.0 = Debug|ARM
		{99A1A262-9FDF-43FD-AF22-965FBB54E7E3}.Debug|iPhone.ActiveCfg = Debug|Any CPU
		{99A1A262-9FDF-43FD-AF22-965FBB54E7E3}.Debug|iPhoneSimulator.ActiveCfg = Debug|Any CPU
		{99A1A262-9FDF-43FD-AF22-965FBB54E7E3}.Debug|Mixed Platforms.ActiveCfg = Debug|x86
		{99A1A262-9FDF-43FD-AF22-965FBB54E7E3}.Debug|Mixed Platforms.Build.0 = Debug|x86
		{99A1A262-9FDF-43FD-AF22-965FBB54E7E3}.Debug|Mixed Platforms.Deploy.0 = Debug|x86
		{99A1A262-9FDF-43FD-AF22-965FBB54E7E3}.Debug|x64.ActiveCfg = Debug|Any CPU
		{99A1A262-9FDF-43FD-AF22-965FBB54E7E3}.Debug|x86.ActiveCfg = Debug|x86
		{99A1A262-9FDF-43FD-AF22-965FBB54E7E3}.Debug|x86.Build.0 = Debug|x86
		{99A1A262-9FDF-43FD-AF22-965FBB54E7E3}.Debug|x86.Deploy.0 = Debug|x86
		{99A1A262-9FDF-43FD-AF22-965FBB54E7E3}.Release|Any CPU.ActiveCfg = Release|Any CPU
		{99A1A262-9FDF-43FD-AF22-965FBB54E7E3}.Release|Any CPU.Build.0 = Release|Any CPU
		{99A1A262-9FDF-43FD-AF22-965FBB54E7E3}.Release|Any CPU.Deploy.0 = Release|Any CPU
		{99A1A262-9FDF-43FD-AF22-965FBB54E7E3}.Release|ARM.ActiveCfg = Release|ARM
		{99A1A262-9FDF-43FD-AF22-965FBB54E7E3}.Release|ARM.Build.0 = Release|ARM
		{99A1A262-9FDF-43FD-AF22-965FBB54E7E3}.Release|ARM.Deploy.0 = Release|ARM
		{99A1A262-9FDF-43FD-AF22-965FBB54E7E3}.Release|iPhone.ActiveCfg = Release|Any CPU
		{99A1A262-9FDF-43FD-AF22-965FBB54E7E3}.Release|iPhoneSimulator.ActiveCfg = Release|Any CPU
		{99A1A262-9FDF-43FD-AF22-965FBB54E7E3}.Release|Mixed Platforms.ActiveCfg = Release|x86
		{99A1A262-9FDF-43FD-AF22-965FBB54E7E3}.Release|Mixed Platforms.Build.0 = Release|x86
		{99A1A262-9FDF-43FD-AF22-965FBB54E7E3}.Release|Mixed Platforms.Deploy.0 = Release|x86
		{99A1A262-9FDF-43FD-AF22-965FBB54E7E3}.Release|x64.ActiveCfg = Release|Any CPU
		{99A1A262-9FDF-43FD-AF22-965FBB54E7E3}.Release|x86.ActiveCfg = Release|x86
		{99A1A262-9FDF-43FD-AF22-965FBB54E7E3}.Release|x86.Build.0 = Release|x86
		{99A1A262-9FDF-43FD-AF22-965FBB54E7E3}.Release|x86.Deploy.0 = Release|x86
	EndGlobalSection
	GlobalSection(SolutionProperties) = preSolution
		HideSolutionNode = FALSE
	EndGlobalSection
	GlobalSection(NestedProjects) = preSolution
		{5C203298-574A-4030-ADF2-3205A78C3A2C} = {43B7D39E-9CD6-4B6B-A3D7-17A27BBEE08B}
		{D5E89B5F-E78A-43E1-A7D4-2DEDE3FFB9F9} = {43B7D39E-9CD6-4B6B-A3D7-17A27BBEE08B}
		{C512C723-0E23-4D3B-92CF-AB930BB2E10E} = {43B7D39E-9CD6-4B6B-A3D7-17A27BBEE08B}
		{99A1A262-9FDF-43FD-AF22-965FBB54E7E3} = {43B7D39E-9CD6-4B6B-A3D7-17A27BBEE08B}
	EndGlobalSection
EndGlobal
