
Microsoft Visual Studio Solution File, Format Version 12.00
# Visual Studio 2012
Project("{FAE04EC0-301F-11D3-BF4B-00C04F79EFBC}") = "Xamarin.Animations.iOS", "Xamarin.Animations.iOS\Xamarin.Animations.iOS.csproj", "{6E6EA79F-DF98-4F8E-B56A-40581A877ED9}"
EndProject
Project("{2150E333-8FDC-42A3-9474-1A3956D46DE8}") = "Samples", "Samples", "{43B7D39E-9CD6-4B6B-A3D7-17A27BBEE08B}"
EndProject
Project("{FAE04EC0-301F-11D3-BF4B-00C04F79EFBC}") = "Xamarin.Animations.iOS.Sample", "Samples\Xamarin.Animations.iOS.Sample\Xamarin.Animations.iOS.Sample.csproj", "{5C203298-574A-4030-ADF2-3205A78C3A2C}"
EndProject
Project("{FAE04EC0-301F-11D3-BF4B-00C04F79EFBC}") = "Xamarin.Animations.Android", "Xamarin.Animations.Android\Xamarin.Animations.Android.csproj", "{4C9F52E1-C5FF-4BE0-B7A7-8A3920E7722E}"
EndProject
Global
	GlobalSection(SolutionConfigurationPlatforms) = preSolution
		Debug|Any CPU = Debug|Any CPU
		Release|Any CPU = Release|Any CPU
		Debug|iPhoneSimulator = Debug|iPhoneSimulator
		Release|iPhoneSimulator = Release|iPhoneSimulator
		Debug|iPhone = Debug|iPhone
		Release|iPhone = Release|iPhone
		Ad-Hoc|iPhone = Ad-Hoc|iPhone
		AppStore|iPhone = AppStore|iPhone
	EndGlobalSection
	GlobalSection(ProjectConfigurationPlatforms) = postSolution
		{4C9F52E1-C5FF-4BE0-B7A7-8A3920E7722E}.Ad-Hoc|iPhone.ActiveCfg = Release|Any CPU
		{4C9F52E1-C5FF-4BE0-B7A7-8A3920E7722E}.Ad-Hoc|iPhone.Build.0 = Release|Any CPU
		{4C9F52E1-C5FF-4BE0-B7A7-8A3920E7722E}.AppStore|iPhone.ActiveCfg = Release|Any CPU
		{4C9F52E1-C5FF-4BE0-B7A7-8A3920E7722E}.AppStore|iPhone.Build.0 = Release|Any CPU
		{4C9F52E1-C5FF-4BE0-B7A7-8A3920E7722E}.Debug|Any CPU.ActiveCfg = Debug|Any CPU
		{4C9F52E1-C5FF-4BE0-B7A7-8A3920E7722E}.Debug|Any CPU.Build.0 = Debug|Any CPU
		{4C9F52E1-C5FF-4BE0-B7A7-8A3920E7722E}.Debug|iPhone.ActiveCfg = Debug|Any CPU
		{4C9F52E1-C5FF-4BE0-B7A7-8A3920E7722E}.Debug|iPhone.Build.0 = Debug|Any CPU
		{4C9F52E1-C5FF-4BE0-B7A7-8A3920E7722E}.Debug|iPhoneSimulator.ActiveCfg = Debug|Any CPU
		{4C9F52E1-C5FF-4BE0-B7A7-8A3920E7722E}.Debug|iPhoneSimulator.Build.0 = Debug|Any CPU
		{4C9F52E1-C5FF-4BE0-B7A7-8A3920E7722E}.Release|Any CPU.ActiveCfg = Release|Any CPU
		{4C9F52E1-C5FF-4BE0-B7A7-8A3920E7722E}.Release|Any CPU.Build.0 = Release|Any CPU
		{4C9F52E1-C5FF-4BE0-B7A7-8A3920E7722E}.Release|iPhone.ActiveCfg = Release|Any CPU
		{4C9F52E1-C5FF-4BE0-B7A7-8A3920E7722E}.Release|iPhone.Build.0 = Release|Any CPU
		{4C9F52E1-C5FF-4BE0-B7A7-8A3920E7722E}.Release|iPhoneSimulator.ActiveCfg = Release|Any CPU
		{4C9F52E1-C5FF-4BE0-B7A7-8A3920E7722E}.Release|iPhoneSimulator.Build.0 = Release|Any CPU
		{5C203298-574A-4030-ADF2-3205A78C3A2C}.Ad-Hoc|iPhone.ActiveCfg = Ad-Hoc|iPhone
		{5C203298-574A-4030-ADF2-3205A78C3A2C}.Ad-Hoc|iPhone.Build.0 = Ad-Hoc|iPhone
		{5C203298-574A-4030-ADF2-3205A78C3A2C}.AppStore|iPhone.ActiveCfg = AppStore|iPhone
		{5C203298-574A-4030-ADF2-3205A78C3A2C}.AppStore|iPhone.Build.0 = AppStore|iPhone
		{5C203298-574A-4030-ADF2-3205A78C3A2C}.Debug|Any CPU.ActiveCfg = Debug|iPhoneSimulator
		{5C203298-574A-4030-ADF2-3205A78C3A2C}.Debug|Any CPU.Build.0 = Debug|iPhoneSimulator
		{5C203298-574A-4030-ADF2-3205A78C3A2C}.Debug|iPhone.ActiveCfg = Debug|iPhone
		{5C203298-574A-4030-ADF2-3205A78C3A2C}.Debug|iPhone.Build.0 = Debug|iPhone
		{5C203298-574A-4030-ADF2-3205A78C3A2C}.Debug|iPhoneSimulator.ActiveCfg = Debug|iPhoneSimulator
		{5C203298-574A-4030-ADF2-3205A78C3A2C}.Debug|iPhoneSimulator.Build.0 = Debug|iPhoneSimulator
		{5C203298-574A-4030-ADF2-3205A78C3A2C}.Release|Any CPU.ActiveCfg = Release|iPhoneSimulator
		{5C203298-574A-4030-ADF2-3205A78C3A2C}.Release|Any CPU.Build.0 = Release|iPhoneSimulator
		{5C203298-574A-4030-ADF2-3205A78C3A2C}.Release|iPhone.ActiveCfg = Release|iPhone
		{5C203298-574A-4030-ADF2-3205A78C3A2C}.Release|iPhone.Build.0 = Release|iPhone
		{5C203298-574A-4030-ADF2-3205A78C3A2C}.Release|iPhoneSimulator.ActiveCfg = Release|iPhoneSimulator
		{5C203298-574A-4030-ADF2-3205A78C3A2C}.Release|iPhoneSimulator.Build.0 = Release|iPhoneSimulator
		{6E6EA79F-DF98-4F8E-B56A-40581A877ED9}.Ad-Hoc|iPhone.ActiveCfg = Debug|Any CPU
		{6E6EA79F-DF98-4F8E-B56A-40581A877ED9}.Ad-Hoc|iPhone.Build.0 = Debug|Any CPU
		{6E6EA79F-DF98-4F8E-B56A-40581A877ED9}.AppStore|iPhone.ActiveCfg = Debug|Any CPU
		{6E6EA79F-DF98-4F8E-B56A-40581A877ED9}.AppStore|iPhone.Build.0 = Debug|Any CPU
		{6E6EA79F-DF98-4F8E-B56A-40581A877ED9}.Debug|Any CPU.ActiveCfg = Debug|Any CPU
		{6E6EA79F-DF98-4F8E-B56A-40581A877ED9}.Debug|Any CPU.Build.0 = Debug|Any CPU
		{6E6EA79F-DF98-4F8E-B56A-40581A877ED9}.Debug|iPhone.ActiveCfg = Debug|Any CPU
		{6E6EA79F-DF98-4F8E-B56A-40581A877ED9}.Debug|iPhone.Build.0 = Debug|Any CPU
		{6E6EA79F-DF98-4F8E-B56A-40581A877ED9}.Debug|iPhoneSimulator.ActiveCfg = Debug|Any CPU
		{6E6EA79F-DF98-4F8E-B56A-40581A877ED9}.Debug|iPhoneSimulator.Build.0 = Debug|Any CPU
		{6E6EA79F-DF98-4F8E-B56A-40581A877ED9}.Release|Any CPU.ActiveCfg = Release|Any CPU
		{6E6EA79F-DF98-4F8E-B56A-40581A877ED9}.Release|Any CPU.Build.0 = Release|Any CPU
		{6E6EA79F-DF98-4F8E-B56A-40581A877ED9}.Release|iPhone.ActiveCfg = Release|Any CPU
		{6E6EA79F-DF98-4F8E-B56A-40581A877ED9}.Release|iPhone.Build.0 = Release|Any CPU
		{6E6EA79F-DF98-4F8E-B56A-40581A877ED9}.Release|iPhoneSimulator.ActiveCfg = Release|Any CPU
		{6E6EA79F-DF98-4F8E-B56A-40581A877ED9}.Release|iPhoneSimulator.Build.0 = Release|Any CPU
	EndGlobalSection
	GlobalSection(NestedProjects) = preSolution
		{5C203298-574A-4030-ADF2-3205A78C3A2C} = {43B7D39E-9CD6-4B6B-A3D7-17A27BBEE08B}
	EndGlobalSection
EndGlobal
