
Microsoft Visual Studio Solution File, Format Version 12.00
# Visual Studio 2012
Project("{FAE04EC0-301F-11D3-BF4B-00C04F79EFBC}") = "Xam.Animations", "Xam.Animations\Xam.Animations.csproj", "{5FFCA0BD-D33C-4A61-A733-C32879608C63}"
EndProject
Project("{D954291E-2A0B-460D-934E-DC6B0785DB48}") = "Xam.Animations.Shared", "Xam.Animations.Shared\Xam.Animations.Shared.shproj", "{EFBD99DE-52EC-4331-8306-2B2D86FC0D12}"
EndProject
Project("{FAE04EC0-301F-11D3-BF4B-00C04F79EFBC}") = "Xam.Animations.iOS", "Xam.Animations.iOS\Xam.Animations.iOS.csproj", "{E49292EA-7E5D-40F9-BF37-018BDD37297D}"
EndProject
Project("{2150E333-8FDC-42A3-9474-1A3956D46DE8}") = "Platforms", "Platforms", "{28164D19-D75D-4754-9498-51D4FDACEFC7}"
EndProject
Project("{FAE04EC0-301F-11D3-BF4B-00C04F79EFBC}") = "Xam.Animations.Droid", "Xam.Animations.iOS\Xam.Animations.Droid\Xam.Animations.Droid.csproj", "{5715ABFF-69CB-4ED1-A5FC-B1F613988EF8}"
EndProject
Project("{2150E333-8FDC-42A3-9474-1A3956D46DE8}") = "Samples", "Samples", "{21C04E1F-5063-4CE5-AD3C-CD761D286CE7}"
EndProject
Project("{FAE04EC0-301F-11D3-BF4B-00C04F79EFBC}") = "Xam.Animations.Samples.iOS", "Xam.Animations.Samples.iOS\Xam.Animations.Samples.iOS.csproj", "{EA8776F4-E1B7-4B90-91A4-94858E4AFF3D}"
EndProject
Project("{FAE04EC0-301F-11D3-BF4B-00C04F79EFBC}") = "Xam.Animations.Samples.Droid", "Xam.Animations.Samples.Droid\Xam.Animations.Samples.Droid.csproj", "{E6ECA5B0-016E-4284-84F7-4C1F64A7D621}"
EndProject
Project("{FAE04EC0-301F-11D3-BF4B-00C04F79EFBC}") = "Xam.Animations.Samples.ViewModels", "Xam.Animations.Samples.ViewModels\Xam.Animations.Samples.ViewModels.csproj", "{85ACB3B4-B487-452C-B315-A58B6D670384}"
EndProject
Global
	GlobalSection(SolutionConfigurationPlatforms) = preSolution
		Debug|Any CPU = Debug|Any CPU
		Release|Any CPU = Release|Any CPU
		Debug|iPhoneSimulator = Debug|iPhoneSimulator
		Release|iPhone = Release|iPhone
		Release|iPhoneSimulator = Release|iPhoneSimulator
		Debug|iPhone = Debug|iPhone
	EndGlobalSection
	GlobalSection(ProjectConfigurationPlatforms) = postSolution
		{5FFCA0BD-D33C-4A61-A733-C32879608C63}.Debug|Any CPU.ActiveCfg = Debug|Any CPU
		{5FFCA0BD-D33C-4A61-A733-C32879608C63}.Debug|Any CPU.Build.0 = Debug|Any CPU
		{5FFCA0BD-D33C-4A61-A733-C32879608C63}.Release|Any CPU.ActiveCfg = Release|Any CPU
		{5FFCA0BD-D33C-4A61-A733-C32879608C63}.Release|Any CPU.Build.0 = Release|Any CPU
		{5FFCA0BD-D33C-4A61-A733-C32879608C63}.Debug|iPhoneSimulator.ActiveCfg = Debug|Any CPU
		{5FFCA0BD-D33C-4A61-A733-C32879608C63}.Debug|iPhoneSimulator.Build.0 = Debug|Any CPU
		{5FFCA0BD-D33C-4A61-A733-C32879608C63}.Release|iPhone.ActiveCfg = Release|Any CPU
		{5FFCA0BD-D33C-4A61-A733-C32879608C63}.Release|iPhone.Build.0 = Release|Any CPU
		{5FFCA0BD-D33C-4A61-A733-C32879608C63}.Release|iPhoneSimulator.ActiveCfg = Release|Any CPU
		{5FFCA0BD-D33C-4A61-A733-C32879608C63}.Release|iPhoneSimulator.Build.0 = Release|Any CPU
		{5FFCA0BD-D33C-4A61-A733-C32879608C63}.Debug|iPhone.ActiveCfg = Debug|Any CPU
		{5FFCA0BD-D33C-4A61-A733-C32879608C63}.Debug|iPhone.Build.0 = Debug|Any CPU
		{E49292EA-7E5D-40F9-BF37-018BDD37297D}.Debug|Any CPU.ActiveCfg = Debug|Any CPU
		{E49292EA-7E5D-40F9-BF37-018BDD37297D}.Debug|Any CPU.Build.0 = Debug|Any CPU
		{E49292EA-7E5D-40F9-BF37-018BDD37297D}.Release|Any CPU.ActiveCfg = Release|Any CPU
		{E49292EA-7E5D-40F9-BF37-018BDD37297D}.Release|Any CPU.Build.0 = Release|Any CPU
		{E49292EA-7E5D-40F9-BF37-018BDD37297D}.Debug|iPhoneSimulator.ActiveCfg = Debug|Any CPU
		{E49292EA-7E5D-40F9-BF37-018BDD37297D}.Debug|iPhoneSimulator.Build.0 = Debug|Any CPU
		{E49292EA-7E5D-40F9-BF37-018BDD37297D}.Release|iPhone.ActiveCfg = Release|Any CPU
		{E49292EA-7E5D-40F9-BF37-018BDD37297D}.Release|iPhone.Build.0 = Release|Any CPU
		{E49292EA-7E5D-40F9-BF37-018BDD37297D}.Release|iPhoneSimulator.ActiveCfg = Release|Any CPU
		{E49292EA-7E5D-40F9-BF37-018BDD37297D}.Release|iPhoneSimulator.Build.0 = Release|Any CPU
		{E49292EA-7E5D-40F9-BF37-018BDD37297D}.Debug|iPhone.ActiveCfg = Debug|Any CPU
		{E49292EA-7E5D-40F9-BF37-018BDD37297D}.Debug|iPhone.Build.0 = Debug|Any CPU
		{5715ABFF-69CB-4ED1-A5FC-B1F613988EF8}.Debug|Any CPU.ActiveCfg = Debug|Any CPU
		{5715ABFF-69CB-4ED1-A5FC-B1F613988EF8}.Debug|Any CPU.Build.0 = Debug|Any CPU
		{5715ABFF-69CB-4ED1-A5FC-B1F613988EF8}.Release|Any CPU.ActiveCfg = Release|Any CPU
		{5715ABFF-69CB-4ED1-A5FC-B1F613988EF8}.Release|Any CPU.Build.0 = Release|Any CPU
		{5715ABFF-69CB-4ED1-A5FC-B1F613988EF8}.Debug|iPhoneSimulator.ActiveCfg = Debug|Any CPU
		{5715ABFF-69CB-4ED1-A5FC-B1F613988EF8}.Debug|iPhoneSimulator.Build.0 = Debug|Any CPU
		{5715ABFF-69CB-4ED1-A5FC-B1F613988EF8}.Release|iPhone.ActiveCfg = Release|Any CPU
		{5715ABFF-69CB-4ED1-A5FC-B1F613988EF8}.Release|iPhone.Build.0 = Release|Any CPU
		{5715ABFF-69CB-4ED1-A5FC-B1F613988EF8}.Release|iPhoneSimulator.ActiveCfg = Release|Any CPU
		{5715ABFF-69CB-4ED1-A5FC-B1F613988EF8}.Release|iPhoneSimulator.Build.0 = Release|Any CPU
		{5715ABFF-69CB-4ED1-A5FC-B1F613988EF8}.Debug|iPhone.ActiveCfg = Debug|Any CPU
		{5715ABFF-69CB-4ED1-A5FC-B1F613988EF8}.Debug|iPhone.Build.0 = Debug|Any CPU
		{EA8776F4-E1B7-4B90-91A4-94858E4AFF3D}.Debug|Any CPU.ActiveCfg = Debug|iPhoneSimulator
		{EA8776F4-E1B7-4B90-91A4-94858E4AFF3D}.Debug|Any CPU.Build.0 = Debug|iPhoneSimulator
		{EA8776F4-E1B7-4B90-91A4-94858E4AFF3D}.Release|Any CPU.ActiveCfg = Release|iPhone
		{EA8776F4-E1B7-4B90-91A4-94858E4AFF3D}.Release|Any CPU.Build.0 = Release|iPhone
		{EA8776F4-E1B7-4B90-91A4-94858E4AFF3D}.Debug|iPhoneSimulator.ActiveCfg = Debug|iPhoneSimulator
		{EA8776F4-E1B7-4B90-91A4-94858E4AFF3D}.Debug|iPhoneSimulator.Build.0 = Debug|iPhoneSimulator
		{EA8776F4-E1B7-4B90-91A4-94858E4AFF3D}.Release|iPhone.ActiveCfg = Release|iPhone
		{EA8776F4-E1B7-4B90-91A4-94858E4AFF3D}.Release|iPhone.Build.0 = Release|iPhone
		{EA8776F4-E1B7-4B90-91A4-94858E4AFF3D}.Release|iPhoneSimulator.ActiveCfg = Release|iPhoneSimulator
		{EA8776F4-E1B7-4B90-91A4-94858E4AFF3D}.Release|iPhoneSimulator.Build.0 = Release|iPhoneSimulator
		{EA8776F4-E1B7-4B90-91A4-94858E4AFF3D}.Debug|iPhone.ActiveCfg = Debug|iPhone
		{EA8776F4-E1B7-4B90-91A4-94858E4AFF3D}.Debug|iPhone.Build.0 = Debug|iPhone
		{E6ECA5B0-016E-4284-84F7-4C1F64A7D621}.Debug|Any CPU.ActiveCfg = Debug|Any CPU
		{E6ECA5B0-016E-4284-84F7-4C1F64A7D621}.Debug|Any CPU.Build.0 = Debug|Any CPU
		{E6ECA5B0-016E-4284-84F7-4C1F64A7D621}.Release|Any CPU.ActiveCfg = Release|Any CPU
		{E6ECA5B0-016E-4284-84F7-4C1F64A7D621}.Release|Any CPU.Build.0 = Release|Any CPU
		{E6ECA5B0-016E-4284-84F7-4C1F64A7D621}.Debug|iPhoneSimulator.ActiveCfg = Debug|Any CPU
		{E6ECA5B0-016E-4284-84F7-4C1F64A7D621}.Debug|iPhoneSimulator.Build.0 = Debug|Any CPU
		{E6ECA5B0-016E-4284-84F7-4C1F64A7D621}.Release|iPhone.ActiveCfg = Release|Any CPU
		{E6ECA5B0-016E-4284-84F7-4C1F64A7D621}.Release|iPhone.Build.0 = Release|Any CPU
		{E6ECA5B0-016E-4284-84F7-4C1F64A7D621}.Release|iPhoneSimulator.ActiveCfg = Release|Any CPU
		{E6ECA5B0-016E-4284-84F7-4C1F64A7D621}.Release|iPhoneSimulator.Build.0 = Release|Any CPU
		{E6ECA5B0-016E-4284-84F7-4C1F64A7D621}.Debug|iPhone.ActiveCfg = Debug|Any CPU
		{E6ECA5B0-016E-4284-84F7-4C1F64A7D621}.Debug|iPhone.Build.0 = Debug|Any CPU
		{85ACB3B4-B487-452C-B315-A58B6D670384}.Debug|Any CPU.ActiveCfg = Debug|Any CPU
		{85ACB3B4-B487-452C-B315-A58B6D670384}.Debug|Any CPU.Build.0 = Debug|Any CPU
		{85ACB3B4-B487-452C-B315-A58B6D670384}.Release|Any CPU.ActiveCfg = Release|Any CPU
		{85ACB3B4-B487-452C-B315-A58B6D670384}.Release|Any CPU.Build.0 = Release|Any CPU
		{85ACB3B4-B487-452C-B315-A58B6D670384}.Debug|iPhoneSimulator.ActiveCfg = Debug|Any CPU
		{85ACB3B4-B487-452C-B315-A58B6D670384}.Debug|iPhoneSimulator.Build.0 = Debug|Any CPU
		{85ACB3B4-B487-452C-B315-A58B6D670384}.Release|iPhone.ActiveCfg = Release|Any CPU
		{85ACB3B4-B487-452C-B315-A58B6D670384}.Release|iPhone.Build.0 = Release|Any CPU
		{85ACB3B4-B487-452C-B315-A58B6D670384}.Release|iPhoneSimulator.ActiveCfg = Release|Any CPU
		{85ACB3B4-B487-452C-B315-A58B6D670384}.Release|iPhoneSimulator.Build.0 = Release|Any CPU
		{85ACB3B4-B487-452C-B315-A58B6D670384}.Debug|iPhone.ActiveCfg = Debug|Any CPU
		{85ACB3B4-B487-452C-B315-A58B6D670384}.Debug|iPhone.Build.0 = Debug|Any CPU
	EndGlobalSection
	GlobalSection(NestedProjects) = preSolution
		{E49292EA-7E5D-40F9-BF37-018BDD37297D} = {28164D19-D75D-4754-9498-51D4FDACEFC7}
		{5715ABFF-69CB-4ED1-A5FC-B1F613988EF8} = {28164D19-D75D-4754-9498-51D4FDACEFC7}
		{EA8776F4-E1B7-4B90-91A4-94858E4AFF3D} = {21C04E1F-5063-4CE5-AD3C-CD761D286CE7}
		{E6ECA5B0-016E-4284-84F7-4C1F64A7D621} = {21C04E1F-5063-4CE5-AD3C-CD761D286CE7}
		{85ACB3B4-B487-452C-B315-A58B6D670384} = {21C04E1F-5063-4CE5-AD3C-CD761D286CE7}
	EndGlobalSection
EndGlobal
